
Microsoft Visual Studio Solution File, Format Version 12.00
# Visual Studio Version 16
VisualStudioVersion = 16.0.30621.155
MinimumVisualStudioVersion = 10.0.40219.1
Project("{FAE04EC0-301F-11D3-BF4B-00C04F79EFBC}") = "Artur_Ghidora_Lab5", "Artur_Ghidora_Lab5.csproj", "{839CA19C-53F8-4F5A-BCAA-1C48C3BA2B91}"
EndProject
Global
	GlobalSection(SolutionConfigurationPlatforms) = preSolution
		Debug|Any CPU = Debug|Any CPU
		Release|Any CPU = Release|Any CPU
	EndGlobalSection
	GlobalSection(ProjectConfigurationPlatforms) = postSolution
		{839CA19C-53F8-4F5A-BCAA-1C48C3BA2B91}.Debug|Any CPU.ActiveCfg = Debug|Any CPU
		{839CA19C-53F8-4F5A-BCAA-1C48C3BA2B91}.Debug|Any CPU.Build.0 = Debug|Any CPU
		{839CA19C-53F8-4F5A-BCAA-1C48C3BA2B91}.Release|Any CPU.ActiveCfg = Release|Any CPU
		{839CA19C-53F8-4F5A-BCAA-1C48C3BA2B91}.Release|Any CPU.Build.0 = Release|Any CPU
	EndGlobalSection
	GlobalSection(SolutionProperties) = preSolution
		HideSolutionNode = FALSE
	EndGlobalSection
	GlobalSection(ExtensibilityGlobals) = postSolution
		SolutionGuid = {0E8B78D4-A3C5-4438-94C3-BDA9BA5EC180}
	EndGlobalSection
EndGlobal
